
Microsoft Visual Studio Solution File, Format Version 12.00
# Visual Studio Version 17
VisualStudioVersion = 17.11.35208.52
MinimumVisualStudioVersion = 10.0.40219.1
Project("{FAE04EC0-301F-11D3-BF4B-00C04F79EFBC}") = "Odev2", "Odev2\Odev2.csproj", "{72F1B9E2-83EE-49E3-A4E1-47F3F210B36D}"
EndProject
Global
	GlobalSection(SolutionConfigurationPlatforms) = preSolution
		Debug|Any CPU = Debug|Any CPU
		Release|Any CPU = Release|Any CPU
	EndGlobalSection
	GlobalSection(ProjectConfigurationPlatforms) = postSolution
		{72F1B9E2-83EE-49E3-A4E1-47F3F210B36D}.Debug|Any CPU.ActiveCfg = Debug|Any CPU
		{72F1B9E2-83EE-49E3-A4E1-47F3F210B36D}.Debug|Any CPU.Build.0 = Debug|Any CPU
		{72F1B9E2-83EE-49E3-A4E1-47F3F210B36D}.Release|Any CPU.ActiveCfg = Release|Any CPU
		{72F1B9E2-83EE-49E3-A4E1-47F3F210B36D}.Release|Any CPU.Build.0 = Release|Any CPU
	EndGlobalSection
	GlobalSection(SolutionProperties) = preSolution
		HideSolutionNode = FALSE
	EndGlobalSection
	GlobalSection(ExtensibilityGlobals) = postSolution
		SolutionGuid = {56D101B0-32F9-45F3-B31F-EC100D67EFB8}
	EndGlobalSection
EndGlobal
